{
  "name": "waha",
  "lockfileVersion": 3,
  "requires": true,
  "packages": {
    "": {
      "devDependencies": {
        "@moonrepo/cli": "^1.30.2"
      }
    },
    "node_modules/@moonrepo/cli": {
      "version": "1.30.2",
      "resolved": "https://registry.npmjs.org/@moonrepo/cli/-/cli-1.30.2.tgz",
      "integrity": "sha512-BWpbPpVp/X1WFBiK+WoVBLIrg+9UQTmu8RRQv1EbDzhtG2ekd0eRBxqm4BekQSc6he3Jt3h9J0pg1/G/2G+c3A==",
      "dev": true,
      "hasInstallScript": true,
      "license": "MIT",
      "dependencies": {
        "detect-libc": "^2.0.3"
      },
      "bin": {
        "moon": "moon.js"
      },
      "optionalDependencies": {
        "@moonrepo/core-linux-arm64-gnu": "1.30.2",
        "@moonrepo/core-linux-arm64-musl": "1.30.2",
        "@moonrepo/core-linux-x64-gnu": "1.30.2",
        "@moonrepo/core-linux-x64-musl": "1.30.2",
        "@moonrepo/core-macos-arm64": "1.30.2",
        "@moonrepo/core-macos-x64": "1.30.2",
        "@moonrepo/core-windows-x64-msvc": "1.30.2"
      }
    },
    "node_modules/@moonrepo/core-linux-arm64-gnu": {
      "version": "1.30.2",
      "resolved": "https://registry.npmjs.org/@moonrepo/core-linux-arm64-gnu/-/core-linux-arm64-gnu-1.30.2.tgz",
      "integrity": "sha512-kEExdDCUI31991kSTjHjcp9AqU8kxr9uyiaq+OD6ovQihlwRjaZFSPhCWljz59AcS2Y+ZbSdWoW1S10XIkrIBw==",
      "cpu": [
        "arm64"
      ],
      "dev": true,
      "license": "MIT",
      "optional": true,
      "os": [
        "linux"
      ]
    },
    "node_modules/@moonrepo/core-linux-arm64-musl": {
      "version": "1.30.2",
      "resolved": "https://registry.npmjs.org/@moonrepo/core-linux-arm64-musl/-/core-linux-arm64-musl-1.30.2.tgz",
      "integrity": "sha512-I1EJGCMsJBnFkn9dIJcP2yKrZVISuBs76XNnw74CFZzhZyZb8Dt8IaqFo+FQU/s/FwQHq59dhIJQTkIn18eO/Q==",
      "cpu": [
        "arm64"
      ],
      "dev": true,
      "license": "MIT",
      "optional": true,
      "os": [
        "linux"
      ]
    },
    "node_modules/@moonrepo/core-linux-x64-gnu": {
      "version": "1.30.2",
      "resolved": "https://registry.npmjs.org/@moonrepo/core-linux-x64-gnu/-/core-linux-x64-gnu-1.30.2.tgz",
      "integrity": "sha512-ISqsaQNDDDLShJKR26ynXQBbfv35OoKXpfHWa4F7ddQX2bngfORV6lhX7wW3SPPbSD29Eex3TZ8TzWmSytLjyQ==",
      "cpu": [
        "x64"
      ],
      "dev": true,
      "license": "MIT",
      "optional": true,
      "os": [
        "linux"
      ]
    },
    "node_modules/@moonrepo/core-linux-x64-musl": {
      "version": "1.30.2",
      "resolved": "https://registry.npmjs.org/@moonrepo/core-linux-x64-musl/-/core-linux-x64-musl-1.30.2.tgz",
      "integrity": "sha512-401MgK0PfzsdJWVgaJJNi0vsuWAVZ3a1kVn+61qGn/paGlj6zjy8J4SKNNo1VKjhNtNVxhDtm2gJ2d7skFJS8A==",
      "cpu": [
        "x64"
      ],
      "dev": true,
      "license": "MIT",
      "optional": true,
      "os": [
        "linux"
      ]
    },
    "node_modules/@moonrepo/core-macos-arm64": {
      "version": "1.30.2",
      "resolved": "https://registry.npmjs.org/@moonrepo/core-macos-arm64/-/core-macos-arm64-1.30.2.tgz",
      "integrity": "sha512-Yq9d4HF7HejNVO+5Z+sahFUu+BXJ5Hqmp2MIj3mxURMhA1VG2Q4V/AO8qOw4A+sn7LbxMXWHrih0tmYIuQ1Ovg==",
      "cpu": [
        "arm64"
      ],
      "dev": true,
      "license": "MIT",
      "optional": true,
      "os": [
        "darwin"
      ]
    },
    "node_modules/@moonrepo/core-macos-x64": {
      "version": "1.30.2",
      "resolved": "https://registry.npmjs.org/@moonrepo/core-macos-x64/-/core-macos-x64-1.30.2.tgz",
      "integrity": "sha512-zlTAysZ8kaHTdwS6QXYVePcQK8f6q2ZKtxQhnjNqm1Z8uyH2880XuRKWaj1Wf9vc8/79RIq0P6FFyCC8G16Wlw==",
      "cpu": [
        "x64"
      ],
      "dev": true,
      "license": "MIT",
      "optional": true,
      "os": [
        "darwin"
      ]
    },
    "node_modules/@moonrepo/core-windows-x64-msvc": {
      "version": "1.30.2",
      "resolved": "https://registry.npmjs.org/@moonrepo/core-windows-x64-msvc/-/core-windows-x64-msvc-1.30.2.tgz",
      "integrity": "sha512-iNHLxNGAQnFFe2JXd8mUBR1aDNOzbwV2i7O0dJ0lkyvN/9Edo9kYh80/T3tzF9zGvrde9RiujODgqEN0tfCSTQ==",
      "cpu": [
        "x64"
      ],
      "dev": true,
      "license": "MIT",
      "optional": true,
      "os": [
        "win32"
      ]
    },
    "node_modules/detect-libc": {
      "version": "2.0.3",
      "resolved": "https://registry.npmjs.org/detect-libc/-/detect-libc-2.0.3.tgz",
      "integrity": "sha512-bwy0MGW55bG41VqxxypOsdSdGqLwXPI/focwgTYCFMbdUiBAxLg9CFzG08sz2aqzknwiX7Hkl0bQENjg8iLByw==",
      "dev": true,
      "license": "Apache-2.0",
      "engines": {
        "node": ">=8"
      }
    }
  }
}
